// !$*UTF8*$!
{
	archiveVersion = 1;
	classes = {
	};
	objectVersion = 56;
	objects = {

/* Begin PBXBuildFile section */
		F2639FB82922A60A00AB3A7A /* ResultEntity.swift in Sources */ = {isa = PBXBuildFile; fileRef = F2639FB72922A60A00AB3A7A /* ResultEntity.swift */; };
		F2639FBB2923737A00AB3A7A /* Realm in Frameworks */ = {isa = PBXBuildFile; productRef = F2639FBA2923737A00AB3A7A /* Realm */; };
		F2639FBD2923737A00AB3A7A /* RealmSwift in Frameworks */ = {isa = PBXBuildFile; productRef = F2639FBC2923737A00AB3A7A /* RealmSwift */; };
		F2639FC02923799200AB3A7A /* CollectionViewCell.swift in Sources */ = {isa = PBXBuildFile; fileRef = F2639FBE2923799200AB3A7A /* CollectionViewCell.swift */; };
		F2639FC12923799200AB3A7A /* CollectionViewCell.xib in Resources */ = {isa = PBXBuildFile; fileRef = F2639FBF2923799200AB3A7A /* CollectionViewCell.xib */; };
		F2F47EA22920D91000055149 /* AppDelegate.swift in Sources */ = {isa = PBXBuildFile; fileRef = F2F47EA12920D91000055149 /* AppDelegate.swift */; };
		F2F47EA42920D91000055149 /* SceneDelegate.swift in Sources */ = {isa = PBXBuildFile; fileRef = F2F47EA32920D91000055149 /* SceneDelegate.swift */; };
		F2F47EA62920D91000055149 /* ViewController.swift in Sources */ = {isa = PBXBuildFile; fileRef = F2F47EA52920D91000055149 /* ViewController.swift */; };
		F2F47EA92920D91000055149 /* Main.storyboard in Resources */ = {isa = PBXBuildFile; fileRef = F2F47EA72920D91000055149 /* Main.storyboard */; };
		F2F47EAB2920D91100055149 /* Assets.xcassets in Resources */ = {isa = PBXBuildFile; fileRef = F2F47EAA2920D91100055149 /* Assets.xcassets */; };
		F2F47EAE2920D91100055149 /* LaunchScreen.storyboard in Resources */ = {isa = PBXBuildFile; fileRef = F2F47EAC2920D91100055149 /* LaunchScreen.storyboard */; };
		F2F47EB82920E07B00055149 /* CustomButton.swift in Sources */ = {isa = PBXBuildFile; fileRef = F2F47EB72920E07B00055149 /* CustomButton.swift */; };
		F2F47EBE2920EC0E00055149 /* MainPresenter.swift in Sources */ = {isa = PBXBuildFile; fileRef = F2F47EBD2920EC0E00055149 /* MainPresenter.swift */; };
		F2F47EC02920EC1B00055149 /* MainRouter.swift in Sources */ = {isa = PBXBuildFile; fileRef = F2F47EBF2920EC1B00055149 /* MainRouter.swift */; };
		F2F47EC22920EC2700055149 /* MainInteractor.swift in Sources */ = {isa = PBXBuildFile; fileRef = F2F47EC12920EC2700055149 /* MainInteractor.swift */; };
		F2F47EC42920EC3600055149 /* MainModelBuilder.swift in Sources */ = {isa = PBXBuildFile; fileRef = F2F47EC32920EC3600055149 /* MainModelBuilder.swift */; };
		F2F47EC72922114100055149 /* MainEntity.swift in Sources */ = {isa = PBXBuildFile; fileRef = F2F47EC62922114100055149 /* MainEntity.swift */; };
		F2F47ECA292220B800055149 /* ResultViewController.swift in Sources */ = {isa = PBXBuildFile; fileRef = F2F47EC9292220B800055149 /* ResultViewController.swift */; };
		F2F47ECC2922213300055149 /* ResultInteractor.swift in Sources */ = {isa = PBXBuildFile; fileRef = F2F47ECB2922213300055149 /* ResultInteractor.swift */; };
		F2F47ECE2922216000055149 /* ResultPresenter.swift in Sources */ = {isa = PBXBuildFile; fileRef = F2F47ECD2922216000055149 /* ResultPresenter.swift */; };
		F2F47ED0292221AD00055149 /* ResultRouter.swift in Sources */ = {isa = PBXBuildFile; fileRef = F2F47ECF292221AD00055149 /* ResultRouter.swift */; };
		F2F47ED2292221DD00055149 /* ResultModelBuilder.swift in Sources */ = {isa = PBXBuildFile; fileRef = F2F47ED1292221DD00055149 /* ResultModelBuilder.swift */; };
		F2F47ED42922350D00055149 /* Double+Ex.swift in Sources */ = {isa = PBXBuildFile; fileRef = F2F47ED32922350D00055149 /* Double+Ex.swift */; };
		F2F47ED8292279A600055149 /* BMITableViewCell.swift in Sources */ = {isa = PBXBuildFile; fileRef = F2F47ED6292279A600055149 /* BMITableViewCell.swift */; };
		F2F47ED9292279A600055149 /* BMITableViewCell.xib in Resources */ = {isa = PBXBuildFile; fileRef = F2F47ED7292279A600055149 /* BMITableViewCell.xib */; };
/* End PBXBuildFile section */

/* Begin PBXFileReference section */
		F2639FB72922A60A00AB3A7A /* ResultEntity.swift */ = {isa = PBXFileReference; lastKnownFileType = sourcecode.swift; path = ResultEntity.swift; sourceTree = "<group>"; };
		F2639FBE2923799200AB3A7A /* CollectionViewCell.swift */ = {isa = PBXFileReference; lastKnownFileType = sourcecode.swift; path = CollectionViewCell.swift; sourceTree = "<group>"; };
		F2639FBF2923799200AB3A7A /* CollectionViewCell.xib */ = {isa = PBXFileReference; lastKnownFileType = file.xib; path = CollectionViewCell.xib; sourceTree = "<group>"; };
		F2F47E9E2920D91000055149 /* KSBMICalculator.app */ = {isa = PBXFileReference; explicitFileType = wrapper.application; includeInIndex = 0; path = KSBMICalculator.app; sourceTree = BUILT_PRODUCTS_DIR; };
		F2F47EA12920D91000055149 /* AppDelegate.swift */ = {isa = PBXFileReference; lastKnownFileType = sourcecode.swift; path = AppDelegate.swift; sourceTree = "<group>"; };
		F2F47EA32920D91000055149 /* SceneDelegate.swift */ = {isa = PBXFileReference; lastKnownFileType = sourcecode.swift; path = SceneDelegate.swift; sourceTree = "<group>"; };
		F2F47EA52920D91000055149 /* ViewController.swift */ = {isa = PBXFileReference; lastKnownFileType = sourcecode.swift; path = ViewController.swift; sourceTree = "<group>"; };
		F2F47EA82920D91000055149 /* Base */ = {isa = PBXFileReference; lastKnownFileType = file.storyboard; name = Base; path = Base.lproj/Main.storyboard; sourceTree = "<group>"; };
		F2F47EAA2920D91100055149 /* Assets.xcassets */ = {isa = PBXFileReference; lastKnownFileType = folder.assetcatalog; path = Assets.xcassets; sourceTree = "<group>"; };
		F2F47EAD2920D91100055149 /* Base */ = {isa = PBXFileReference; lastKnownFileType = file.storyboard; name = Base; path = Base.lproj/LaunchScreen.storyboard; sourceTree = "<group>"; };
		F2F47EAF2920D91100055149 /* Info.plist */ = {isa = PBXFileReference; lastKnownFileType = text.plist.xml; path = Info.plist; sourceTree = "<group>"; };
		F2F47EB72920E07B00055149 /* CustomButton.swift */ = {isa = PBXFileReference; lastKnownFileType = sourcecode.swift; path = CustomButton.swift; sourceTree = "<group>"; };
		F2F47EBD2920EC0E00055149 /* MainPresenter.swift */ = {isa = PBXFileReference; lastKnownFileType = sourcecode.swift; path = MainPresenter.swift; sourceTree = "<group>"; };
		F2F47EBF2920EC1B00055149 /* MainRouter.swift */ = {isa = PBXFileReference; lastKnownFileType = sourcecode.swift; path = MainRouter.swift; sourceTree = "<group>"; };
		F2F47EC12920EC2700055149 /* MainInteractor.swift */ = {isa = PBXFileReference; lastKnownFileType = sourcecode.swift; path = MainInteractor.swift; sourceTree = "<group>"; };
		F2F47EC32920EC3600055149 /* MainModelBuilder.swift */ = {isa = PBXFileReference; lastKnownFileType = sourcecode.swift; path = MainModelBuilder.swift; sourceTree = "<group>"; };
		F2F47EC62922114100055149 /* MainEntity.swift */ = {isa = PBXFileReference; lastKnownFileType = sourcecode.swift; path = MainEntity.swift; sourceTree = "<group>"; };
		F2F47EC9292220B800055149 /* ResultViewController.swift */ = {isa = PBXFileReference; lastKnownFileType = sourcecode.swift; path = ResultViewController.swift; sourceTree = "<group>"; };
		F2F47ECB2922213300055149 /* ResultInteractor.swift */ = {isa = PBXFileReference; lastKnownFileType = sourcecode.swift; path = ResultInteractor.swift; sourceTree = "<group>"; };
		F2F47ECD2922216000055149 /* ResultPresenter.swift */ = {isa = PBXFileReference; lastKnownFileType = sourcecode.swift; path = ResultPresenter.swift; sourceTree = "<group>"; };
		F2F47ECF292221AD00055149 /* ResultRouter.swift */ = {isa = PBXFileReference; lastKnownFileType = sourcecode.swift; path = ResultRouter.swift; sourceTree = "<group>"; };
		F2F47ED1292221DD00055149 /* ResultModelBuilder.swift */ = {isa = PBXFileReference; lastKnownFileType = sourcecode.swift; path = ResultModelBuilder.swift; sourceTree = "<group>"; };
		F2F47ED32922350D00055149 /* Double+Ex.swift */ = {isa = PBXFileReference; lastKnownFileType = sourcecode.swift; path = "Double+Ex.swift"; sourceTree = "<group>"; };
		F2F47ED6292279A600055149 /* BMITableViewCell.swift */ = {isa = PBXFileReference; lastKnownFileType = sourcecode.swift; path = BMITableViewCell.swift; sourceTree = "<group>"; };
		F2F47ED7292279A600055149 /* BMITableViewCell.xib */ = {isa = PBXFileReference; lastKnownFileType = file.xib; path = BMITableViewCell.xib; sourceTree = "<group>"; };
/* End PBXFileReference section */

/* Begin PBXFrameworksBuildPhase section */
		F2F47E9B2920D91000055149 /* Frameworks */ = {
			isa = PBXFrameworksBuildPhase;
			buildActionMask = 2147483647;
			files = (
				F2639FBD2923737A00AB3A7A /* RealmSwift in Frameworks */,
				F2639FBB2923737A00AB3A7A /* Realm in Frameworks */,
			);
			runOnlyForDeploymentPostprocessing = 0;
		};
/* End PBXFrameworksBuildPhase section */

/* Begin PBXGroup section */
		F2F47E952920D91000055149 = {
			isa = PBXGroup;
			children = (
				F2F47EA02920D91000055149 /* KSBMICalculator */,
				F2F47E9F2920D91000055149 /* Products */,
			);
			sourceTree = "<group>";
		};
		F2F47E9F2920D91000055149 /* Products */ = {
			isa = PBXGroup;
			children = (
				F2F47E9E2920D91000055149 /* KSBMICalculator.app */,
			);
			name = Products;
			sourceTree = "<group>";
		};
		F2F47EA02920D91000055149 /* KSBMICalculator */ = {
			isa = PBXGroup;
			children = (
				F2F47EC52921202A00055149 /* Main */,
				F2F47EC82922206900055149 /* Result */,
				F2F47EBC2920E39F00055149 /* Custom */,
				F2F47ED52922351C00055149 /* Extensions */,
				F2F47EB52920D92700055149 /* Aplication */,
				F2F47EB62920D94600055149 /* Resourses */,
			);
			path = KSBMICalculator;
			sourceTree = "<group>";
		};
		F2F47EB52920D92700055149 /* Aplication */ = {
			isa = PBXGroup;
			children = (
				F2F47EA12920D91000055149 /* AppDelegate.swift */,
				F2F47EA32920D91000055149 /* SceneDelegate.swift */,
			);
			path = Aplication;
			sourceTree = "<group>";
		};
		F2F47EB62920D94600055149 /* Resourses */ = {
			isa = PBXGroup;
			children = (
				F2F47EA72920D91000055149 /* Main.storyboard */,
				F2F47EAC2920D91100055149 /* LaunchScreen.storyboard */,
				F2F47EAA2920D91100055149 /* Assets.xcassets */,
				F2F47EAF2920D91100055149 /* Info.plist */,
			);
			path = Resourses;
			sourceTree = "<group>";
		};
		F2F47EBC2920E39F00055149 /* Custom */ = {
			isa = PBXGroup;
			children = (
				F2F47EB72920E07B00055149 /* CustomButton.swift */,
			);
			path = Custom;
			sourceTree = "<group>";
		};
		F2F47EC52921202A00055149 /* Main */ = {
			isa = PBXGroup;
			children = (
				F2F47EA52920D91000055149 /* ViewController.swift */,
				F2F47EBD2920EC0E00055149 /* MainPresenter.swift */,
				F2F47EC12920EC2700055149 /* MainInteractor.swift */,
				F2F47EC62922114100055149 /* MainEntity.swift */,
				F2F47EBF2920EC1B00055149 /* MainRouter.swift */,
				F2F47EC32920EC3600055149 /* MainModelBuilder.swift */,
			);
			path = Main;
			sourceTree = "<group>";
		};
		F2F47EC82922206900055149 /* Result */ = {
			isa = PBXGroup;
			children = (
				F2F47EC9292220B800055149 /* ResultViewController.swift */,
				F2F47ECD2922216000055149 /* ResultPresenter.swift */,
				F2F47ECB2922213300055149 /* ResultInteractor.swift */,
				F2639FB72922A60A00AB3A7A /* ResultEntity.swift */,
				F2F47ECF292221AD00055149 /* ResultRouter.swift */,
				F2F47ED1292221DD00055149 /* ResultModelBuilder.swift */,
				F2F47EDA292279AF00055149 /* View */,
			);
			path = Result;
			sourceTree = "<group>";
		};
		F2F47ED52922351C00055149 /* Extensions */ = {
			isa = PBXGroup;
			children = (
				F2F47ED32922350D00055149 /* Double+Ex.swift */,
			);
			path = Extensions;
			sourceTree = "<group>";
		};
		F2F47EDA292279AF00055149 /* View */ = {
			isa = PBXGroup;
			children = (
				F2F47ED6292279A600055149 /* BMITableViewCell.swift */,
				F2F47ED7292279A600055149 /* BMITableViewCell.xib */,
				F2639FBE2923799200AB3A7A /* CollectionViewCell.swift */,
				F2639FBF2923799200AB3A7A /* CollectionViewCell.xib */,
			);
			path = View;
			sourceTree = "<group>";
		};
/* End PBXGroup section */

/* Begin PBXNativeTarget section */
		F2F47E9D2920D91000055149 /* KSBMICalculator */ = {
			isa = PBXNativeTarget;
			buildConfigurationList = F2F47EB22920D91100055149 /* Build configuration list for PBXNativeTarget "KSBMICalculator" */;
			buildPhases = (
				F2F47E9A2920D91000055149 /* Sources */,
				F2F47E9B2920D91000055149 /* Frameworks */,
				F2F47E9C2920D91000055149 /* Resources */,
			);
			buildRules = (
			);
			dependencies = (
			);
			name = KSBMICalculator;
			packageProductDependencies = (
				F2639FBA2923737A00AB3A7A /* Realm */,
				F2639FBC2923737A00AB3A7A /* RealmSwift */,
			);
			productName = KSBMICalculator;
			productReference = F2F47E9E2920D91000055149 /* KSBMICalculator.app */;
			productType = "com.apple.product-type.application";
		};
/* End PBXNativeTarget section */

/* Begin PBXProject section */
		F2F47E962920D91000055149 /* Project object */ = {
			isa = PBXProject;
			attributes = {
				BuildIndependentTargetsInParallel = 1;
				LastSwiftUpdateCheck = 1410;
				LastUpgradeCheck = 1410;
				TargetAttributes = {
					F2F47E9D2920D91000055149 = {
						CreatedOnToolsVersion = 14.1;
					};
				};
			};
			buildConfigurationList = F2F47E992920D91000055149 /* Build configuration list for PBXProject "KSBMICalculator" */;
			compatibilityVersion = "Xcode 14.0";
			developmentRegion = en;
			hasScannedForEncodings = 0;
			knownRegions = (
				en,
				Base,
			);
			mainGroup = F2F47E952920D91000055149;
			packageReferences = (
				F2639FB92923737A00AB3A7A /* XCRemoteSwiftPackageReference "realm-swift" */,
			);
			productRefGroup = F2F47E9F2920D91000055149 /* Products */;
			projectDirPath = "";
			projectRoot = "";
			targets = (
				F2F47E9D2920D91000055149 /* KSBMICalculator */,
			);
		};
/* End PBXProject section */

/* Begin PBXResourcesBuildPhase section */
		F2F47E9C2920D91000055149 /* Resources */ = {
			isa = PBXResourcesBuildPhase;
			buildActionMask = 2147483647;
			files = (
				F2F47ED9292279A600055149 /* BMITableViewCell.xib in Resources */,
				F2F47EAE2920D91100055149 /* LaunchScreen.storyboard in Resources */,
				F2F47EAB2920D91100055149 /* Assets.xcassets in Resources */,
				F2F47EA92920D91000055149 /* Main.storyboard in Resources */,
				F2639FC12923799200AB3A7A /* CollectionViewCell.xib in Resources */,
			);
			runOnlyForDeploymentPostprocessing = 0;
		};
/* End PBXResourcesBuildPhase section */

/* Begin PBXSourcesBuildPhase section */
		F2F47E9A2920D91000055149 /* Sources */ = {
			isa = PBXSourcesBuildPhase;
			buildActionMask = 2147483647;
			files = (
				F2639FB82922A60A00AB3A7A /* ResultEntity.swift in Sources */,
				F2F47ECA292220B800055149 /* ResultViewController.swift in Sources */,
				F2639FC02923799200AB3A7A /* CollectionViewCell.swift in Sources */,
				F2F47EC72922114100055149 /* MainEntity.swift in Sources */,
				F2F47ED2292221DD00055149 /* ResultModelBuilder.swift in Sources */,
				F2F47EBE2920EC0E00055149 /* MainPresenter.swift in Sources */,
				F2F47ECC2922213300055149 /* ResultInteractor.swift in Sources */,
				F2F47EB82920E07B00055149 /* CustomButton.swift in Sources */,
				F2F47EA62920D91000055149 /* ViewController.swift in Sources */,
				F2F47EA22920D91000055149 /* AppDelegate.swift in Sources */,
				F2F47ED42922350D00055149 /* Double+Ex.swift in Sources */,
				F2F47ED0292221AD00055149 /* ResultRouter.swift in Sources */,
				F2F47EA42920D91000055149 /* SceneDelegate.swift in Sources */,
				F2F47EC22920EC2700055149 /* MainInteractor.swift in Sources */,
				F2F47ED8292279A600055149 /* BMITableViewCell.swift in Sources */,
				F2F47EC42920EC3600055149 /* MainModelBuilder.swift in Sources */,
				F2F47EC02920EC1B00055149 /* MainRouter.swift in Sources */,
				F2F47ECE2922216000055149 /* ResultPresenter.swift in Sources */,
			);
			runOnlyForDeploymentPostprocessing = 0;
		};
/* End PBXSourcesBuildPhase section */

/* Begin PBXVariantGroup section */
		F2F47EA72920D91000055149 /* Main.storyboard */ = {
			isa = PBXVariantGroup;
			children = (
				F2F47EA82920D91000055149 /* Base */,
			);
			name = Main.storyboard;
			sourceTree = "<group>";
		};
		F2F47EAC2920D91100055149 /* LaunchScreen.storyboard */ = {
			isa = PBXVariantGroup;
			children = (
				F2F47EAD2920D91100055149 /* Base */,
			);
			name = LaunchScreen.storyboard;
			sourceTree = "<group>";
		};
/* End PBXVariantGroup section */

/* Begin XCBuildConfiguration section */
		F2F47EB02920D91100055149 /* Debug */ = {
			isa = XCBuildConfiguration;
			buildSettings = {
				ALWAYS_SEARCH_USER_PATHS = NO;
				CLANG_ANALYZER_NONNULL = YES;
				CLANG_ANALYZER_NUMBER_OBJECT_CONVERSION = YES_AGGRESSIVE;
				CLANG_CXX_LANGUAGE_STANDARD = "gnu++20";
				CLANG_ENABLE_MODULES = YES;
				CLANG_ENABLE_OBJC_ARC = YES;
				CLANG_ENABLE_OBJC_WEAK = YES;
				CLANG_WARN_BLOCK_CAPTURE_AUTORELEASING = YES;
				CLANG_WARN_BOOL_CONVERSION = YES;
				CLANG_WARN_COMMA = YES;
				CLANG_WARN_CONSTANT_CONVERSION = YES;
				CLANG_WARN_DEPRECATED_OBJC_IMPLEMENTATIONS = YES;
				CLANG_WARN_DIRECT_OBJC_ISA_USAGE = YES_ERROR;
				CLANG_WARN_DOCUMENTATION_COMMENTS = YES;
				CLANG_WARN_EMPTY_BODY = YES;
				CLANG_WARN_ENUM_CONVERSION = YES;
				CLANG_WARN_INFINITE_RECURSION = YES;
				CLANG_WARN_INT_CONVERSION = YES;
				CLANG_WARN_NON_LITERAL_NULL_CONVERSION = YES;
				CLANG_WARN_OBJC_IMPLICIT_RETAIN_SELF = YES;
				CLANG_WARN_OBJC_LITERAL_CONVERSION = YES;
				CLANG_WARN_OBJC_ROOT_CLASS = YES_ERROR;
				CLANG_WARN_QUOTED_INCLUDE_IN_FRAMEWORK_HEADER = YES;
				CLANG_WARN_RANGE_LOOP_ANALYSIS = YES;
				CLANG_WARN_STRICT_PROTOTYPES = YES;
				CLANG_WARN_SUSPICIOUS_MOVE = YES;
				CLANG_WARN_UNGUARDED_AVAILABILITY = YES_AGGRESSIVE;
				CLANG_WARN_UNREACHABLE_CODE = YES;
				CLANG_WARN__DUPLICATE_METHOD_MATCH = YES;
				COPY_PHASE_STRIP = NO;
				DEBUG_INFORMATION_FORMAT = dwarf;
				ENABLE_STRICT_OBJC_MSGSEND = YES;
				ENABLE_TESTABILITY = YES;
				GCC_C_LANGUAGE_STANDARD = gnu11;
				GCC_DYNAMIC_NO_PIC = NO;
				GCC_NO_COMMON_BLOCKS = YES;
				GCC_OPTIMIZATION_LEVEL = 0;
				GCC_PREPROCESSOR_DEFINITIONS = (
					"DEBUG=1",
					"$(inherited)",
				);
				GCC_WARN_64_TO_32_BIT_CONVERSION = YES;
				GCC_WARN_ABOUT_RETURN_TYPE = YES_ERROR;
				GCC_WARN_UNDECLARED_SELECTOR = YES;
				GCC_WARN_UNINITIALIZED_AUTOS = YES_AGGRESSIVE;
				GCC_WARN_UNUSED_FUNCTION = YES;
				GCC_WARN_UNUSED_VARIABLE = YES;
				IPHONEOS_DEPLOYMENT_TARGET = 15.0;
				MTL_ENABLE_DEBUG_INFO = INCLUDE_SOURCE;
				MTL_FAST_MATH = YES;
				ONLY_ACTIVE_ARCH = YES;
				SDKROOT = iphoneos;
				SWIFT_ACTIVE_COMPILATION_CONDITIONS = DEBUG;
				SWIFT_OPTIMIZATION_LEVEL = "-Onone";
			};
			name = Debug;
		};
		F2F47EB12920D91100055149 /* Release */ = {
			isa = XCBuildConfiguration;
			buildSettings = {
				ALWAYS_SEARCH_USER_PATHS = NO;
				CLANG_ANALYZER_NONNULL = YES;
				CLANG_ANALYZER_NUMBER_OBJECT_CONVERSION = YES_AGGRESSIVE;
				CLANG_CXX_LANGUAGE_STANDARD = "gnu++20";
				CLANG_ENABLE_MODULES = YES;
				CLANG_ENABLE_OBJC_ARC = YES;
				CLANG_ENABLE_OBJC_WEAK = YES;
				CLANG_WARN_BLOCK_CAPTURE_AUTORELEASING = YES;
				CLANG_WARN_BOOL_CONVERSION = YES;
				CLANG_WARN_COMMA = YES;
				CLANG_WARN_CONSTANT_CONVERSION = YES;
				CLANG_WARN_DEPRECATED_OBJC_IMPLEMENTATIONS = YES;
				CLANG_WARN_DIRECT_OBJC_ISA_USAGE = YES_ERROR;
				CLANG_WARN_DOCUMENTATION_COMMENTS = YES;
				CLANG_WARN_EMPTY_BODY = YES;
				CLANG_WARN_ENUM_CONVERSION = YES;
				CLANG_WARN_INFINITE_RECURSION = YES;
				CLANG_WARN_INT_CONVERSION = YES;
				CLANG_WARN_NON_LITERAL_NULL_CONVERSION = YES;
				CLANG_WARN_OBJC_IMPLICIT_RETAIN_SELF = YES;
				CLANG_WARN_OBJC_LITERAL_CONVERSION = YES;
				CLANG_WARN_OBJC_ROOT_CLASS = YES_ERROR;
				CLANG_WARN_QUOTED_INCLUDE_IN_FRAMEWORK_HEADER = YES;
				CLANG_WARN_RANGE_LOOP_ANALYSIS = YES;
				CLANG_WARN_STRICT_PROTOTYPES = YES;
				CLANG_WARN_SUSPICIOUS_MOVE = YES;
				CLANG_WARN_UNGUARDED_AVAILABILITY = YES_AGGRESSIVE;
				CLANG_WARN_UNREACHABLE_CODE = YES;
				CLANG_WARN__DUPLICATE_METHOD_MATCH = YES;
				COPY_PHASE_STRIP = NO;
				DEBUG_INFORMATION_FORMAT = "dwarf-with-dsym";
				ENABLE_NS_ASSERTIONS = NO;
				ENABLE_STRICT_OBJC_MSGSEND = YES;
				GCC_C_LANGUAGE_STANDARD = gnu11;
				GCC_NO_COMMON_BLOCKS = YES;
				GCC_WARN_64_TO_32_BIT_CONVERSION = YES;
				GCC_WARN_ABOUT_RETURN_TYPE = YES_ERROR;
				GCC_WARN_UNDECLARED_SELECTOR = YES;
				GCC_WARN_UNINITIALIZED_AUTOS = YES_AGGRESSIVE;
				GCC_WARN_UNUSED_FUNCTION = YES;
				GCC_WARN_UNUSED_VARIABLE = YES;
				IPHONEOS_DEPLOYMENT_TARGET = 15.0;
				MTL_ENABLE_DEBUG_INFO = NO;
				MTL_FAST_MATH = YES;
				SDKROOT = iphoneos;
				SWIFT_COMPILATION_MODE = wholemodule;
				SWIFT_OPTIMIZATION_LEVEL = "-O";
				VALIDATE_PRODUCT = YES;
			};
			name = Release;
		};
		F2F47EB32920D91100055149 /* Debug */ = {
			isa = XCBuildConfiguration;
			buildSettings = {
				ASSETCATALOG_COMPILER_APPICON_NAME = AppIcon;
				ASSETCATALOG_COMPILER_GLOBAL_ACCENT_COLOR_NAME = AccentColor;
				CODE_SIGN_STYLE = Automatic;
				CURRENT_PROJECT_VERSION = 1;
				DEVELOPMENT_TEAM = 2465ZH8J2R;
				GENERATE_INFOPLIST_FILE = YES;
				INFOPLIST_FILE = KSBMICalculator/Resourses/Info.plist;
				INFOPLIST_KEY_CFBundleDisplayName = "BMI Calc";
				INFOPLIST_KEY_UIApplicationSupportsIndirectInputEvents = YES;
				INFOPLIST_KEY_UILaunchStoryboardName = LaunchScreen;
				INFOPLIST_KEY_UIMainStoryboardFile = Main;
				INFOPLIST_KEY_UISupportedInterfaceOrientations = UIInterfaceOrientationPortrait;
				INFOPLIST_KEY_UISupportedInterfaceOrientations_iPad = "UIInterfaceOrientationLandscapeLeft UIInterfaceOrientationLandscapeRight UIInterfaceOrientationPortrait UIInterfaceOrientationPortraitUpsideDown";
				IPHONEOS_DEPLOYMENT_TARGET = 15.0;
				LD_RUNPATH_SEARCH_PATHS = (
					"$(inherited)",
					"@executable_path/Frameworks",
				);
				MARKETING_VERSION = 1.0;
				PRODUCT_BUNDLE_IDENTIFIER = by.kseniyasmirnova.KSBMICalculator;
				PRODUCT_NAME = "$(TARGET_NAME)";
				SUPPORTED_PLATFORMS = "iphoneos iphonesimulator";
				SUPPORTS_MACCATALYST = NO;
				SUPPORTS_MAC_DESIGNED_FOR_IPHONE_IPAD = NO;
				SWIFT_EMIT_LOC_STRINGS = YES;
				SWIFT_VERSION = 5.0;
				TARGETED_DEVICE_FAMILY = 1;
			};
			name = Debug;
		};
		F2F47EB42920D91100055149 /* Release */ = {
			isa = XCBuildConfiguration;
			buildSettings = {
				ASSETCATALOG_COMPILER_APPICON_NAME = AppIcon;
				ASSETCATALOG_COMPILER_GLOBAL_ACCENT_COLOR_NAME = AccentColor;
				CODE_SIGN_STYLE = Automatic;
				CURRENT_PROJECT_VERSION = 1;
				DEVELOPMENT_TEAM = 2465ZH8J2R;
				GENERATE_INFOPLIST_FILE = YES;
				INFOPLIST_FILE = KSBMICalculator/Resourses/Info.plist;
				INFOPLIST_KEY_CFBundleDisplayName = "BMI Calc";
				INFOPLIST_KEY_UIApplicationSupportsIndirectInputEvents = YES;
				INFOPLIST_KEY_UILaunchStoryboardName = LaunchScreen;
				INFOPLIST_KEY_UIMainStoryboardFile = Main;
				INFOPLIST_KEY_UISupportedInterfaceOrientations = UIInterfaceOrientationPortrait;
				INFOPLIST_KEY_UISupportedInterfaceOrientations_iPad = "UIInterfaceOrientationLandscapeLeft UIInterfaceOrientationLandscapeRight UIInterfaceOrientationPortrait UIInterfaceOrientationPortraitUpsideDown";
				IPHONEOS_DEPLOYMENT_TARGET = 15.0;
				LD_RUNPATH_SEARCH_PATHS = (
					"$(inherited)",
					"@executable_path/Frameworks",
				);
				MARKETING_VERSION = 1.0;
				PRODUCT_BUNDLE_IDENTIFIER = by.kseniyasmirnova.KSBMICalculator;
				PRODUCT_NAME = "$(TARGET_NAME)";
				SUPPORTED_PLATFORMS = "iphoneos iphonesimulator";
				SUPPORTS_MACCATALYST = NO;
				SUPPORTS_MAC_DESIGNED_FOR_IPHONE_IPAD = NO;
				SWIFT_EMIT_LOC_STRINGS = YES;
				SWIFT_VERSION = 5.0;
				TARGETED_DEVICE_FAMILY = 1;
			};
			name = Release;
		};
/* End XCBuildConfiguration section */

/* Begin XCConfigurationList section */
		F2F47E992920D91000055149 /* Build configuration list for PBXProject "KSBMICalculator" */ = {
			isa = XCConfigurationList;
			buildConfigurations = (
				F2F47EB02920D91100055149 /* Debug */,
				F2F47EB12920D91100055149 /* Release */,
			);
			defaultConfigurationIsVisible = 0;
			defaultConfigurationName = Release;
		};
		F2F47EB22920D91100055149 /* Build configuration list for PBXNativeTarget "KSBMICalculator" */ = {
			isa = XCConfigurationList;
			buildConfigurations = (
				F2F47EB32920D91100055149 /* Debug */,
				F2F47EB42920D91100055149 /* Release */,
			);
			defaultConfigurationIsVisible = 0;
			defaultConfigurationName = Release;
		};
/* End XCConfigurationList section */

/* Begin XCRemoteSwiftPackageReference section */
		F2639FB92923737A00AB3A7A /* XCRemoteSwiftPackageReference "realm-swift" */ = {
			isa = XCRemoteSwiftPackageReference;
			repositoryURL = "https://github.com/realm/realm-swift";
			requirement = {
				branch = master;
				kind = branch;
			};
		};
/* End XCRemoteSwiftPackageReference section */

/* Begin XCSwiftPackageProductDependency section */
		F2639FBA2923737A00AB3A7A /* Realm */ = {
			isa = XCSwiftPackageProductDependency;
			package = F2639FB92923737A00AB3A7A /* XCRemoteSwiftPackageReference "realm-swift" */;
			productName = Realm;
		};
		F2639FBC2923737A00AB3A7A /* RealmSwift */ = {
			isa = XCSwiftPackageProductDependency;
			package = F2639FB92923737A00AB3A7A /* XCRemoteSwiftPackageReference "realm-swift" */;
			productName = RealmSwift;
		};
/* End XCSwiftPackageProductDependency section */
	};
	rootObject = F2F47E962920D91000055149 /* Project object */;
}
